
Microsoft Visual Studio Solution File, Format Version 12.00
# Visual Studio 15
Project("{FAE04EC0-301F-11D3-BF4B-00C04F79EFBC}") = "UnityEngine.UI", "UnityEngine.UI.csproj", "{1B2543B5-FCFA-AE33-4B3E-268B50BBD204}"
EndProject
Project("{FAE04EC0-301F-11D3-BF4B-00C04F79EFBC}") = "com.unity.multiplayer-hlapi.Runtime", "com.unity.multiplayer-hlapi.Runtime.csproj", "{28CB8A7A-2AED-E757-F82D-73978CE9F6A9}"
EndProject
Project("{FAE04EC0-301F-11D3-BF4B-00C04F79EFBC}") = "UnityEngine.SpatialTracking", "UnityEngine.SpatialTracking.csproj", "{A3EACAB0-4F2E-11AC-1F37-9106B83E31DE}"
EndProject
Project("{FAE04EC0-301F-11D3-BF4B-00C04F79EFBC}") = "UnityEngine.TestRunner", "UnityEngine.TestRunner.csproj", "{9E5D93C8-4544-D921-88A6-DBD0A5A6BECD}"
EndProject
Project("{FAE04EC0-301F-11D3-BF4B-00C04F79EFBC}") = "Unity.TextMeshPro", "Unity.TextMeshPro.csproj", "{54AB744C-A040-A98A-A7D6-EF303D90EDF5}"
EndProject
Project("{FAE04EC0-301F-11D3-BF4B-00C04F79EFBC}") = "Assembly-CSharp", "Assembly-CSharp.csproj", "{0ED51534-A34B-7B3E-9EBE-F1863A3E3357}"
EndProject
Project("{FAE04EC0-301F-11D3-BF4B-00C04F79EFBC}") = "Unity.Timeline", "Unity.Timeline.csproj", "{52842983-779D-3376-5C87-1B98B7A7D393}"
EndProject
Project("{FAE04EC0-301F-11D3-BF4B-00C04F79EFBC}") = "UnityEngine.XR.LegacyInputHelpers", "UnityEngine.XR.LegacyInputHelpers.csproj", "{39B0F9D7-09DE-46E0-C26F-BE6F8ACA8FEF}"
EndProject
Project("{FAE04EC0-301F-11D3-BF4B-00C04F79EFBC}") = "Unity.TextMeshPro.Editor", "Unity.TextMeshPro.Editor.csproj", "{AE6AD30A-C7BC-873B-8CCF-DA4C96ABBEB7}"
EndProject
Project("{FAE04EC0-301F-11D3-BF4B-00C04F79EFBC}") = "Unity.Timeline.Editor", "Unity.Timeline.Editor.csproj", "{499F7D05-1E57-2D00-52B8-B52622779835}"
EndProject
Project("{FAE04EC0-301F-11D3-BF4B-00C04F79EFBC}") = "UnityEditor.TestRunner", "UnityEditor.TestRunner.csproj", "{A2B6AF31-939E-AF26-1E41-A924F002396C}"
EndProject
Project("{FAE04EC0-301F-11D3-BF4B-00C04F79EFBC}") = "com.unity.multiplayer-hlapi.Editor", "com.unity.multiplayer-hlapi.Editor.csproj", "{118472BB-2C6F-7D8C-274D-8058462723D8}"
EndProject
Project("{FAE04EC0-301F-11D3-BF4B-00C04F79EFBC}") = "Assembly-CSharp-Editor", "Assembly-CSharp-Editor.csproj", "{A5ADB48A-B0EE-3D14-82CD-0EFD7E44D12D}"
EndProject
Project("{FAE04EC0-301F-11D3-BF4B-00C04F79EFBC}") = "UnityEditor.UI", "UnityEditor.UI.csproj", "{36A5F130-D6F5-E212-6306-464A29CAAECA}"
EndProject
Project("{FAE04EC0-301F-11D3-BF4B-00C04F79EFBC}") = "Unity.Rider.Editor", "Unity.Rider.Editor.csproj", "{9986120A-B0E6-9D4B-0008-DFAB09DD846C}"
EndProject
Project("{FAE04EC0-301F-11D3-BF4B-00C04F79EFBC}") = "UnityEditor.XR.LegacyInputHelpers", "UnityEditor.XR.LegacyInputHelpers.csproj", "{ABB6C39D-7958-2D57-9077-6D8F0FC4893D}"
EndProject
Project("{FAE04EC0-301F-11D3-BF4B-00C04F79EFBC}") = "Unity.CollabProxy.Editor", "Unity.CollabProxy.Editor.csproj", "{CB3879AC-564D-D901-87DF-1EDA58121092}"
EndProject
Project("{FAE04EC0-301F-11D3-BF4B-00C04F79EFBC}") = "com.unity.multiplayer-weaver.Editor", "com.unity.multiplayer-weaver.Editor.csproj", "{97C8BE64-F779-ACC1-5B8E-F05CBB586EE4}"
EndProject
Project("{FAE04EC0-301F-11D3-BF4B-00C04F79EFBC}") = "Unity.VSCode.Editor", "Unity.VSCode.Editor.csproj", "{CED917E1-B8A4-4233-51F2-BF03D19FBCE0}"
EndProject
Project("{FAE04EC0-301F-11D3-BF4B-00C04F79EFBC}") = "UnityEditor.SpatialTracking", "UnityEditor.SpatialTracking.csproj", "{B939C8A7-F1AB-E146-27A5-9453380BE492}"
EndProject
Global
	GlobalSection(SolutionConfigurationPlatforms) = preSolution
		Debug|Any CPU = Debug|Any CPU
		Release|Any CPU = Release|Any CPU
	EndGlobalSection
	GlobalSection(ProjectConfigurationPlatforms) = postSolution
		{1B2543B5-FCFA-AE33-4B3E-268B50BBD204}.Debug|Any CPU.ActiveCfg = Debug|Any CPU
		{1B2543B5-FCFA-AE33-4B3E-268B50BBD204}.Debug|Any CPU.Build.0 = Debug|Any CPU
		{1B2543B5-FCFA-AE33-4B3E-268B50BBD204}.Release|Any CPU.ActiveCfg = Release|Any CPU
		{1B2543B5-FCFA-AE33-4B3E-268B50BBD204}.Release|Any CPU.Build.0 = Release|Any CPU
		{28CB8A7A-2AED-E757-F82D-73978CE9F6A9}.Debug|Any CPU.ActiveCfg = Debug|Any CPU
		{28CB8A7A-2AED-E757-F82D-73978CE9F6A9}.Debug|Any CPU.Build.0 = Debug|Any CPU
		{28CB8A7A-2AED-E757-F82D-73978CE9F6A9}.Release|Any CPU.ActiveCfg = Release|Any CPU
		{28CB8A7A-2AED-E757-F82D-73978CE9F6A9}.Release|Any CPU.Build.0 = Release|Any CPU
		{A3EACAB0-4F2E-11AC-1F37-9106B83E31DE}.Debug|Any CPU.ActiveCfg = Debug|Any CPU
		{A3EACAB0-4F2E-11AC-1F37-9106B83E31DE}.Debug|Any CPU.Build.0 = Debug|Any CPU
		{A3EACAB0-4F2E-11AC-1F37-9106B83E31DE}.Release|Any CPU.ActiveCfg = Release|Any CPU
		{A3EACAB0-4F2E-11AC-1F37-9106B83E31DE}.Release|Any CPU.Build.0 = Release|Any CPU
		{9E5D93C8-4544-D921-88A6-DBD0A5A6BECD}.Debug|Any CPU.ActiveCfg = Debug|Any CPU
		{9E5D93C8-4544-D921-88A6-DBD0A5A6BECD}.Debug|Any CPU.Build.0 = Debug|Any CPU
		{9E5D93C8-4544-D921-88A6-DBD0A5A6BECD}.Release|Any CPU.ActiveCfg = Release|Any CPU
		{9E5D93C8-4544-D921-88A6-DBD0A5A6BECD}.Release|Any CPU.Build.0 = Release|Any CPU
		{54AB744C-A040-A98A-A7D6-EF303D90EDF5}.Debug|Any CPU.ActiveCfg = Debug|Any CPU
		{54AB744C-A040-A98A-A7D6-EF303D90EDF5}.Debug|Any CPU.Build.0 = Debug|Any CPU
		{54AB744C-A040-A98A-A7D6-EF303D90EDF5}.Release|Any CPU.ActiveCfg = Release|Any CPU
		{54AB744C-A040-A98A-A7D6-EF303D90EDF5}.Release|Any CPU.Build.0 = Release|Any CPU
		{0ED51534-A34B-7B3E-9EBE-F1863A3E3357}.Debug|Any CPU.ActiveCfg = Debug|Any CPU
		{0ED51534-A34B-7B3E-9EBE-F1863A3E3357}.Debug|Any CPU.Build.0 = Debug|Any CPU
		{0ED51534-A34B-7B3E-9EBE-F1863A3E3357}.Release|Any CPU.ActiveCfg = Release|Any CPU
		{0ED51534-A34B-7B3E-9EBE-F1863A3E3357}.Release|Any CPU.Build.0 = Release|Any CPU
		{52842983-779D-3376-5C87-1B98B7A7D393}.Debug|Any CPU.ActiveCfg = Debug|Any CPU
		{52842983-779D-3376-5C87-1B98B7A7D393}.Debug|Any CPU.Build.0 = Debug|Any CPU
		{52842983-779D-3376-5C87-1B98B7A7D393}.Release|Any CPU.ActiveCfg = Release|Any CPU
		{52842983-779D-3376-5C87-1B98B7A7D393}.Release|Any CPU.Build.0 = Release|Any CPU
		{39B0F9D7-09DE-46E0-C26F-BE6F8ACA8FEF}.Debug|Any CPU.ActiveCfg = Debug|Any CPU
		{39B0F9D7-09DE-46E0-C26F-BE6F8ACA8FEF}.Debug|Any CPU.Build.0 = Debug|Any CPU
		{39B0F9D7-09DE-46E0-C26F-BE6F8ACA8FEF}.Release|Any CPU.ActiveCfg = Release|Any CPU
		{39B0F9D7-09DE-46E0-C26F-BE6F8ACA8FEF}.Release|Any CPU.Build.0 = Release|Any CPU
		{AE6AD30A-C7BC-873B-8CCF-DA4C96ABBEB7}.Debug|Any CPU.ActiveCfg = Debug|Any CPU
		{AE6AD30A-C7BC-873B-8CCF-DA4C96ABBEB7}.Debug|Any CPU.Build.0 = Debug|Any CPU
		{AE6AD30A-C7BC-873B-8CCF-DA4C96ABBEB7}.Release|Any CPU.ActiveCfg = Release|Any CPU
		{AE6AD30A-C7BC-873B-8CCF-DA4C96ABBEB7}.Release|Any CPU.Build.0 = Release|Any CPU
		{499F7D05-1E57-2D00-52B8-B52622779835}.Debug|Any CPU.ActiveCfg = Debug|Any CPU
		{499F7D05-1E57-2D00-52B8-B52622779835}.Debug|Any CPU.Build.0 = Debug|Any CPU
		{499F7D05-1E57-2D00-52B8-B52622779835}.Release|Any CPU.ActiveCfg = Release|Any CPU
		{499F7D05-1E57-2D00-52B8-B52622779835}.Release|Any CPU.Build.0 = Release|Any CPU
		{A2B6AF31-939E-AF26-1E41-A924F002396C}.Debug|Any CPU.ActiveCfg = Debug|Any CPU
		{A2B6AF31-939E-AF26-1E41-A924F002396C}.Debug|Any CPU.Build.0 = Debug|Any CPU
		{A2B6AF31-939E-AF26-1E41-A924F002396C}.Release|Any CPU.ActiveCfg = Release|Any CPU
		{A2B6AF31-939E-AF26-1E41-A924F002396C}.Release|Any CPU.Build.0 = Release|Any CPU
		{118472BB-2C6F-7D8C-274D-8058462723D8}.Debug|Any CPU.ActiveCfg = Debug|Any CPU
		{118472BB-2C6F-7D8C-274D-8058462723D8}.Debug|Any CPU.Build.0 = Debug|Any CPU
		{118472BB-2C6F-7D8C-274D-8058462723D8}.Release|Any CPU.ActiveCfg = Release|Any CPU
		{118472BB-2C6F-7D8C-274D-8058462723D8}.Release|Any CPU.Build.0 = Release|Any CPU
		{A5ADB48A-B0EE-3D14-82CD-0EFD7E44D12D}.Debug|Any CPU.ActiveCfg = Debug|Any CPU
		{A5ADB48A-B0EE-3D14-82CD-0EFD7E44D12D}.Debug|Any CPU.Build.0 = Debug|Any CPU
		{A5ADB48A-B0EE-3D14-82CD-0EFD7E44D12D}.Release|Any CPU.ActiveCfg = Release|Any CPU
		{A5ADB48A-B0EE-3D14-82CD-0EFD7E44D12D}.Release|Any CPU.Build.0 = Release|Any CPU
		{36A5F130-D6F5-E212-6306-464A29CAAECA}.Debug|Any CPU.ActiveCfg = Debug|Any CPU
		{36A5F130-D6F5-E212-6306-464A29CAAECA}.Debug|Any CPU.Build.0 = Debug|Any CPU
		{36A5F130-D6F5-E212-6306-464A29CAAECA}.Release|Any CPU.ActiveCfg = Release|Any CPU
		{36A5F130-D6F5-E212-6306-464A29CAAECA}.Release|Any CPU.Build.0 = Release|Any CPU
		{9986120A-B0E6-9D4B-0008-DFAB09DD846C}.Debug|Any CPU.ActiveCfg = Debug|Any CPU
		{9986120A-B0E6-9D4B-0008-DFAB09DD846C}.Debug|Any CPU.Build.0 = Debug|Any CPU
		{9986120A-B0E6-9D4B-0008-DFAB09DD846C}.Release|Any CPU.ActiveCfg = Release|Any CPU
		{9986120A-B0E6-9D4B-0008-DFAB09DD846C}.Release|Any CPU.Build.0 = Release|Any CPU
		{ABB6C39D-7958-2D57-9077-6D8F0FC4893D}.Debug|Any CPU.ActiveCfg = Debug|Any CPU
		{ABB6C39D-7958-2D57-9077-6D8F0FC4893D}.Debug|Any CPU.Build.0 = Debug|Any CPU
		{ABB6C39D-7958-2D57-9077-6D8F0FC4893D}.Release|Any CPU.ActiveCfg = Release|Any CPU
		{ABB6C39D-7958-2D57-9077-6D8F0FC4893D}.Release|Any CPU.Build.0 = Release|Any CPU
		{CB3879AC-564D-D901-87DF-1EDA58121092}.Debug|Any CPU.ActiveCfg = Debug|Any CPU
		{CB3879AC-564D-D901-87DF-1EDA58121092}.Debug|Any CPU.Build.0 = Debug|Any CPU
		{CB3879AC-564D-D901-87DF-1EDA58121092}.Release|Any CPU.ActiveCfg = Release|Any CPU
		{CB3879AC-564D-D901-87DF-1EDA58121092}.Release|Any CPU.Build.0 = Release|Any CPU
		{97C8BE64-F779-ACC1-5B8E-F05CBB586EE4}.Debug|Any CPU.ActiveCfg = Debug|Any CPU
		{97C8BE64-F779-ACC1-5B8E-F05CBB586EE4}.Debug|Any CPU.Build.0 = Debug|Any CPU
		{97C8BE64-F779-ACC1-5B8E-F05CBB586EE4}.Release|Any CPU.ActiveCfg = Release|Any CPU
		{97C8BE64-F779-ACC1-5B8E-F05CBB586EE4}.Release|Any CPU.Build.0 = Release|Any CPU
		{CED917E1-B8A4-4233-51F2-BF03D19FBCE0}.Debug|Any CPU.ActiveCfg = Debug|Any CPU
		{CED917E1-B8A4-4233-51F2-BF03D19FBCE0}.Debug|Any CPU.Build.0 = Debug|Any CPU
		{CED917E1-B8A4-4233-51F2-BF03D19FBCE0}.Release|Any CPU.ActiveCfg = Release|Any CPU
		{CED917E1-B8A4-4233-51F2-BF03D19FBCE0}.Release|Any CPU.Build.0 = Release|Any CPU
		{B939C8A7-F1AB-E146-27A5-9453380BE492}.Debug|Any CPU.ActiveCfg = Debug|Any CPU
		{B939C8A7-F1AB-E146-27A5-9453380BE492}.Debug|Any CPU.Build.0 = Debug|Any CPU
		{B939C8A7-F1AB-E146-27A5-9453380BE492}.Release|Any CPU.ActiveCfg = Release|Any CPU
		{B939C8A7-F1AB-E146-27A5-9453380BE492}.Release|Any CPU.Build.0 = Release|Any CPU
	EndGlobalSection
	GlobalSection(SolutionProperties) = preSolution
		HideSolutionNode = FALSE
	EndGlobalSection
EndGlobal
